
Microsoft Visual Studio Solution File, Format Version 12.00
# Visual Studio 15
VisualStudioVersion = 15.0.27130.2027
MinimumVisualStudioVersion = 10.0.40219.1
Project("{8BC9CEB8-8B4A-11D0-8D11-00A0C91BC942}") = "libusb++", "libusb++\libusb++.vcxproj", "{8570BDDD-27B5-41F1-BC35-E315E4B06A26}"
EndProject
Project("{8BC9CEB8-8B4A-11D0-8D11-00A0C91BC942}") = "libusb-1.0 (dll)", "..\libusb\msvc\libusb_dll_2017.vcxproj", "{349EE8FA-7D25-4909-AAF5-FF3FADE72187}"
EndProject
Global
	GlobalSection(SolutionConfigurationPlatforms) = preSolution
		Debug|x64 = Debug|x64
		Debug|x86 = Debug|x86
		Release|x64 = Release|x64
		Release|x86 = Release|x86
	EndGlobalSection
	GlobalSection(ProjectConfigurationPlatforms) = postSolution
		{8570BDDD-27B5-41F1-BC35-E315E4B06A26}.Debug|x64.ActiveCfg = Debug|x64
		{8570BDDD-27B5-41F1-BC35-E315E4B06A26}.Debug|x64.Build.0 = Debug|x64
		{8570BDDD-27B5-41F1-BC35-E315E4B06A26}.Debug|x86.ActiveCfg = Debug|Win32
		{8570BDDD-27B5-41F1-BC35-E315E4B06A26}.Debug|x86.Build.0 = Debug|Win32
		{8570BDDD-27B5-41F1-BC35-E315E4B06A26}.Release|x64.ActiveCfg = Release|x64
		{8570BDDD-27B5-41F1-BC35-E315E4B06A26}.Release|x64.Build.0 = Release|x64
		{8570BDDD-27B5-41F1-BC35-E315E4B06A26}.Release|x86.ActiveCfg = Release|Win32
		{8570BDDD-27B5-41F1-BC35-E315E4B06A26}.Release|x86.Build.0 = Release|Win32
		{349EE8FA-7D25-4909-AAF5-FF3FADE72187}.Debug|x64.ActiveCfg = Debug|x64
		{349EE8FA-7D25-4909-AAF5-FF3FADE72187}.Debug|x64.Build.0 = Debug|x64
		{349EE8FA-7D25-4909-AAF5-FF3FADE72187}.Debug|x86.ActiveCfg = Debug|Win32
		{349EE8FA-7D25-4909-AAF5-FF3FADE72187}.Debug|x86.Build.0 = Debug|Win32
		{349EE8FA-7D25-4909-AAF5-FF3FADE72187}.Release|x64.ActiveCfg = Release|x64
		{349EE8FA-7D25-4909-AAF5-FF3FADE72187}.Release|x64.Build.0 = Release|x64
		{349EE8FA-7D25-4909-AAF5-FF3FADE72187}.Release|x86.ActiveCfg = Release|Win32
		{349EE8FA-7D25-4909-AAF5-FF3FADE72187}.Release|x86.Build.0 = Release|Win32
	EndGlobalSection
	GlobalSection(SolutionProperties) = preSolution
		HideSolutionNode = FALSE
	EndGlobalSection
	GlobalSection(ExtensibilityGlobals) = postSolution
		SolutionGuid = {28BB03E9-2FD3-43F6-9538-A58420BC5896}
	EndGlobalSection
EndGlobal
